
Microsoft Visual Studio Solution File, Format Version 12.00
# Visual Studio 15
VisualStudioVersion = 15.0.27703.2035
MinimumVisualStudioVersion = 10.0.40219.1
Project("{FAE04EC0-301F-11D3-BF4B-00C04F79EFBC}") = "Employee database", "Employee database\Employee database.csproj", "{328F8272-2124-445A-BCC8-7457C8378EA1}"
EndProject
Global
	GlobalSection(SolutionConfigurationPlatforms) = preSolution
		Debug|Any CPU = Debug|Any CPU
		Release|Any CPU = Release|Any CPU
	EndGlobalSection
	GlobalSection(ProjectConfigurationPlatforms) = postSolution
		{328F8272-2124-445A-BCC8-7457C8378EA1}.Debug|Any CPU.ActiveCfg = Debug|Any CPU
		{328F8272-2124-445A-BCC8-7457C8378EA1}.Debug|Any CPU.Build.0 = Debug|Any CPU
		{328F8272-2124-445A-BCC8-7457C8378EA1}.Release|Any CPU.ActiveCfg = Release|Any CPU
		{328F8272-2124-445A-BCC8-7457C8378EA1}.Release|Any CPU.Build.0 = Release|Any CPU
	EndGlobalSection
	GlobalSection(SolutionProperties) = preSolution
		HideSolutionNode = FALSE
	EndGlobalSection
	GlobalSection(ExtensibilityGlobals) = postSolution
		SolutionGuid = {691477CF-EF36-4A9A-A29C-549DD959568C}
	EndGlobalSection
EndGlobal
