
Microsoft Visual Studio Solution File, Format Version 12.00
# Visual Studio 2012
Project("{FAE04EC0-301F-11D3-BF4B-00C04F79EFBC}") = "Shelf life", "Shelf life\Shelf life.csproj", "{252147E5-B735-4CE0-9BDB-6E4197E529AF}"
EndProject
Global
	GlobalSection(SolutionConfigurationPlatforms) = preSolution
		Debug|Any CPU = Debug|Any CPU
		Release|Any CPU = Release|Any CPU
	EndGlobalSection
	GlobalSection(ProjectConfigurationPlatforms) = postSolution
		{252147E5-B735-4CE0-9BDB-6E4197E529AF}.Debug|Any CPU.ActiveCfg = Debug|Any CPU
		{252147E5-B735-4CE0-9BDB-6E4197E529AF}.Debug|Any CPU.Build.0 = Debug|Any CPU
		{252147E5-B735-4CE0-9BDB-6E4197E529AF}.Release|Any CPU.ActiveCfg = Release|Any CPU
		{252147E5-B735-4CE0-9BDB-6E4197E529AF}.Release|Any CPU.Build.0 = Release|Any CPU
	EndGlobalSection
	GlobalSection(SolutionProperties) = preSolution
		HideSolutionNode = FALSE
	EndGlobalSection
EndGlobal
